
Microsoft Visual Studio Solution File, Format Version 12.00
# Visual Studio Version 17
VisualStudioVersion = 17.3.32804.467
MinimumVisualStudioVersion = 10.0.40219.1
Project("{FAE04EC0-301F-11D3-BF4B-00C04F79EFBC}") = "Sep29", "Sep29\Sep29.csproj", "{37C7C719-D575-4DE1-9438-D32DFBF5DCCA}"
	ProjectSection(ProjectDependencies) = postProject
		{9E96BD8B-6328-49EC-810F-919F93DA6455} = {9E96BD8B-6328-49EC-810F-919F93DA6455}
	EndProjectSection
EndProject
Project("{FAE04EC0-301F-11D3-BF4B-00C04F79EFBC}") = "BLL_Library", "BLL_Library\BLL_Library.csproj", "{9E96BD8B-6328-49EC-810F-919F93DA6455}"
	ProjectSection(ProjectDependencies) = postProject
		{B7E61807-6560-47AB-A783-5CD272C3A848} = {B7E61807-6560-47AB-A783-5CD272C3A848}
	EndProjectSection
EndProject
Project("{FAE04EC0-301F-11D3-BF4B-00C04F79EFBC}") = "DAL_Library", "DAL_Library\DAL_Library.csproj", "{B7E61807-6560-47AB-A783-5CD272C3A848}"
EndProject
Global
	GlobalSection(SolutionConfigurationPlatforms) = preSolution
		Debug|Any CPU = Debug|Any CPU
		Release|Any CPU = Release|Any CPU
	EndGlobalSection
	GlobalSection(ProjectConfigurationPlatforms) = postSolution
		{37C7C719-D575-4DE1-9438-D32DFBF5DCCA}.Debug|Any CPU.ActiveCfg = Debug|Any CPU
		{37C7C719-D575-4DE1-9438-D32DFBF5DCCA}.Debug|Any CPU.Build.0 = Debug|Any CPU
		{37C7C719-D575-4DE1-9438-D32DFBF5DCCA}.Release|Any CPU.ActiveCfg = Release|Any CPU
		{37C7C719-D575-4DE1-9438-D32DFBF5DCCA}.Release|Any CPU.Build.0 = Release|Any CPU
		{9E96BD8B-6328-49EC-810F-919F93DA6455}.Debug|Any CPU.ActiveCfg = Debug|Any CPU
		{9E96BD8B-6328-49EC-810F-919F93DA6455}.Debug|Any CPU.Build.0 = Debug|Any CPU
		{9E96BD8B-6328-49EC-810F-919F93DA6455}.Release|Any CPU.ActiveCfg = Release|Any CPU
		{9E96BD8B-6328-49EC-810F-919F93DA6455}.Release|Any CPU.Build.0 = Release|Any CPU
		{B7E61807-6560-47AB-A783-5CD272C3A848}.Debug|Any CPU.ActiveCfg = Debug|Any CPU
		{B7E61807-6560-47AB-A783-5CD272C3A848}.Debug|Any CPU.Build.0 = Debug|Any CPU
		{B7E61807-6560-47AB-A783-5CD272C3A848}.Release|Any CPU.ActiveCfg = Release|Any CPU
		{B7E61807-6560-47AB-A783-5CD272C3A848}.Release|Any CPU.Build.0 = Release|Any CPU
	EndGlobalSection
	GlobalSection(SolutionProperties) = preSolution
		HideSolutionNode = FALSE
	EndGlobalSection
	GlobalSection(ExtensibilityGlobals) = postSolution
		SolutionGuid = {92992889-B81A-442A-BF15-754FECBB9B33}
	EndGlobalSection
EndGlobal
